
Microsoft Visual Studio Solution File, Format Version 12.00
# Visual Studio Version 16
VisualStudioVersion = 16.0.30717.126
MinimumVisualStudioVersion = 10.0.40219.1
Project("{FAE04EC0-301F-11D3-BF4B-00C04F79EFBC}") = "Tic-Tac-Toe", "Tic-Tac-Toe\Tic-Tac-Toe.csproj", "{89C547C8-9D83-476D-86BE-CB00960573FF}"
EndProject
Global
	GlobalSection(SolutionConfigurationPlatforms) = preSolution
		Debug|Any CPU = Debug|Any CPU
		Release|Any CPU = Release|Any CPU
	EndGlobalSection
	GlobalSection(ProjectConfigurationPlatforms) = postSolution
		{89C547C8-9D83-476D-86BE-CB00960573FF}.Debug|Any CPU.ActiveCfg = Debug|Any CPU
		{89C547C8-9D83-476D-86BE-CB00960573FF}.Debug|Any CPU.Build.0 = Debug|Any CPU
		{89C547C8-9D83-476D-86BE-CB00960573FF}.Release|Any CPU.ActiveCfg = Release|Any CPU
		{89C547C8-9D83-476D-86BE-CB00960573FF}.Release|Any CPU.Build.0 = Release|Any CPU
	EndGlobalSection
	GlobalSection(SolutionProperties) = preSolution
		HideSolutionNode = FALSE
	EndGlobalSection
	GlobalSection(ExtensibilityGlobals) = postSolution
		SolutionGuid = {A1B251DF-8FED-4200-92F1-75AE17C4E5DA}
	EndGlobalSection
EndGlobal
